// !$*UTF8*$!
{
	archiveVersion = 1;
	classes = {
	};
	objectVersion = 56;
	objects = {

/* Begin PBXBuildFile section */
		4A1EA23A28BC9BD9005B3195 /* NamazApp.swift in Sources */ = {isa = PBXBuildFile; fileRef = 4A1EA23928BC9BD9005B3195 /* NamazApp.swift */; };
		4A1EA23C28BC9BD9005B3195 /* ContentView.swift in Sources */ = {isa = PBXBuildFile; fileRef = 4A1EA23B28BC9BD9005B3195 /* ContentView.swift */; };
		4A1EA23E28BC9BDB005B3195 /* Assets.xcassets in Resources */ = {isa = PBXBuildFile; fileRef = 4A1EA23D28BC9BDB005B3195 /* Assets.xcassets */; };
		4A1EA24128BC9BDB005B3195 /* Preview Assets.xcassets in Resources */ = {isa = PBXBuildFile; fileRef = 4A1EA24028BC9BDB005B3195 /* Preview Assets.xcassets */; };
		4A25528D28CC775700B30847 /* SplashScreen.swift in Sources */ = {isa = PBXBuildFile; fileRef = 4A25528C28CC775700B30847 /* SplashScreen.swift */; };
		4A25528F28CC77D900B30847 /* LocationService.swift in Sources */ = {isa = PBXBuildFile; fileRef = 4A25528E28CC77D900B30847 /* LocationService.swift */; };
		4A25529228CC814500B30847 /* NamazProtocol.swift in Sources */ = {isa = PBXBuildFile; fileRef = 4A25529128CC814500B30847 /* NamazProtocol.swift */; };
		4A25529528CC816600B30847 /* NamazModel.swift in Sources */ = {isa = PBXBuildFile; fileRef = 4A25529428CC816600B30847 /* NamazModel.swift */; };
		4A25529728CC868D00B30847 /* NamazService.swift in Sources */ = {isa = PBXBuildFile; fileRef = 4A25529628CC868D00B30847 /* NamazService.swift */; };
		4A25529A28CC91A900B30847 /* NamazViewModel.swift in Sources */ = {isa = PBXBuildFile; fileRef = 4A25529928CC91A800B30847 /* NamazViewModel.swift */; };
		4A25529C28CC93EA00B30847 /* NamazHomeView.swift in Sources */ = {isa = PBXBuildFile; fileRef = 4A25529B28CC93EA00B30847 /* NamazHomeView.swift */; };
		4A2552C128CF29B900B30847 /* namazWatch Watch App.app in Embed Watch Content */ = {isa = PBXBuildFile; fileRef = 4A2552C028CF29B900B30847 /* namazWatch Watch App.app */; settings = {ATTRIBUTES = (RemoveHeadersOnCopy, ); }; };
		4A2552C628CF29B900B30847 /* namazWatchApp.swift in Sources */ = {isa = PBXBuildFile; fileRef = 4A2552C528CF29B900B30847 /* namazWatchApp.swift */; };
		4A2552C828CF29B900B30847 /* ContentView.swift in Sources */ = {isa = PBXBuildFile; fileRef = 4A2552C728CF29B900B30847 /* ContentView.swift */; };
		4A2552CA28CF29BC00B30847 /* Assets.xcassets in Resources */ = {isa = PBXBuildFile; fileRef = 4A2552C928CF29BC00B30847 /* Assets.xcassets */; };
		4A2552CD28CF29BC00B30847 /* Preview Assets.xcassets in Resources */ = {isa = PBXBuildFile; fileRef = 4A2552CC28CF29BC00B30847 /* Preview Assets.xcassets */; };
		4A4D64DB28F415DA0086BABA /* Helpers.swift in Sources */ = {isa = PBXBuildFile; fileRef = 4A4D64DA28F415DA0086BABA /* Helpers.swift */; };
		4A4D64E328F432C60086BABA /* WidgetKit.framework in Frameworks */ = {isa = PBXBuildFile; fileRef = 4A4D64E228F432C50086BABA /* WidgetKit.framework */; };
		4A4D64E528F432C60086BABA /* SwiftUI.framework in Frameworks */ = {isa = PBXBuildFile; fileRef = 4A4D64E428F432C60086BABA /* SwiftUI.framework */; };
		4A4D64E828F432C60086BABA /* NamazTiming.swift in Sources */ = {isa = PBXBuildFile; fileRef = 4A4D64E728F432C60086BABA /* NamazTiming.swift */; };
		4A4D64EB28F432C80086BABA /* Assets.xcassets in Resources */ = {isa = PBXBuildFile; fileRef = 4A4D64EA28F432C80086BABA /* Assets.xcassets */; };
		4A4D64ED28F432C80086BABA /* NamazTiming.intentdefinition in Sources */ = {isa = PBXBuildFile; fileRef = 4A4D64E928F432C60086BABA /* NamazTiming.intentdefinition */; };
		4A4D64EE28F432C80086BABA /* NamazTiming.intentdefinition in Sources */ = {isa = PBXBuildFile; fileRef = 4A4D64E928F432C60086BABA /* NamazTiming.intentdefinition */; };
		4A4D64F128F432C80086BABA /* NamazTimingExtension.appex in Embed Foundation Extensions */ = {isa = PBXBuildFile; fileRef = 4A4D64E028F432C50086BABA /* NamazTimingExtension.appex */; settings = {ATTRIBUTES = (RemoveHeadersOnCopy, ); }; };
		4A56FEDD28C6096500F48E87 /* PermissionService.swift in Sources */ = {isa = PBXBuildFile; fileRef = 4A56FEDC28C6096500F48E87 /* PermissionService.swift */; };
/* End PBXBuildFile section */

/* Begin PBXContainerItemProxy section */
		4A2552C228CF29B900B30847 /* PBXContainerItemProxy */ = {
			isa = PBXContainerItemProxy;
			containerPortal = 4A1EA22E28BC9BD8005B3195 /* Project object */;
			proxyType = 1;
			remoteGlobalIDString = 4A2552BF28CF29B900B30847;
			remoteInfo = "namazWatch Watch App";
		};
		4A4D64EF28F432C80086BABA /* PBXContainerItemProxy */ = {
			isa = PBXContainerItemProxy;
			containerPortal = 4A1EA22E28BC9BD8005B3195 /* Project object */;
			proxyType = 1;
			remoteGlobalIDString = 4A4D64DF28F432C50086BABA;
			remoteInfo = NamazTimingExtension;
		};
/* End PBXContainerItemProxy section */

/* Begin PBXCopyFilesBuildPhase section */
		4A2552D128CF29BC00B30847 /* Embed Watch Content */ = {
			isa = PBXCopyFilesBuildPhase;
			buildActionMask = 2147483647;
			dstPath = "$(CONTENTS_FOLDER_PATH)/Watch";
			dstSubfolderSpec = 16;
			files = (
				4A2552C128CF29B900B30847 /* namazWatch Watch App.app in Embed Watch Content */,
			);
			name = "Embed Watch Content";
			runOnlyForDeploymentPostprocessing = 0;
		};
		4A4D64F528F432C90086BABA /* Embed Foundation Extensions */ = {
			isa = PBXCopyFilesBuildPhase;
			buildActionMask = 2147483647;
			dstPath = "";
			dstSubfolderSpec = 13;
			files = (
				4A4D64F128F432C80086BABA /* NamazTimingExtension.appex in Embed Foundation Extensions */,
			);
			name = "Embed Foundation Extensions";
			runOnlyForDeploymentPostprocessing = 0;
		};
/* End PBXCopyFilesBuildPhase section */

/* Begin PBXFileReference section */
		4A1EA23628BC9BD9005B3195 /* Namaz.app */ = {isa = PBXFileReference; explicitFileType = wrapper.application; includeInIndex = 0; path = Namaz.app; sourceTree = BUILT_PRODUCTS_DIR; };
		4A1EA23928BC9BD9005B3195 /* NamazApp.swift */ = {isa = PBXFileReference; lastKnownFileType = sourcecode.swift; path = NamazApp.swift; sourceTree = "<group>"; };
		4A1EA23B28BC9BD9005B3195 /* ContentView.swift */ = {isa = PBXFileReference; lastKnownFileType = sourcecode.swift; path = ContentView.swift; sourceTree = "<group>"; };
		4A1EA23D28BC9BDB005B3195 /* Assets.xcassets */ = {isa = PBXFileReference; lastKnownFileType = folder.assetcatalog; path = Assets.xcassets; sourceTree = "<group>"; };
		4A1EA24028BC9BDB005B3195 /* Preview Assets.xcassets */ = {isa = PBXFileReference; lastKnownFileType = folder.assetcatalog; path = "Preview Assets.xcassets"; sourceTree = "<group>"; };
		4A25528C28CC775700B30847 /* SplashScreen.swift */ = {isa = PBXFileReference; lastKnownFileType = sourcecode.swift; path = SplashScreen.swift; sourceTree = "<group>"; };
		4A25528E28CC77D900B30847 /* LocationService.swift */ = {isa = PBXFileReference; lastKnownFileType = sourcecode.swift; path = LocationService.swift; sourceTree = "<group>"; };
		4A25529128CC814500B30847 /* NamazProtocol.swift */ = {isa = PBXFileReference; lastKnownFileType = sourcecode.swift; path = NamazProtocol.swift; sourceTree = "<group>"; };
		4A25529428CC816600B30847 /* NamazModel.swift */ = {isa = PBXFileReference; lastKnownFileType = sourcecode.swift; path = NamazModel.swift; sourceTree = "<group>"; };
		4A25529628CC868D00B30847 /* NamazService.swift */ = {isa = PBXFileReference; lastKnownFileType = sourcecode.swift; path = NamazService.swift; sourceTree = "<group>"; };
		4A25529928CC91A800B30847 /* NamazViewModel.swift */ = {isa = PBXFileReference; lastKnownFileType = sourcecode.swift; path = NamazViewModel.swift; sourceTree = "<group>"; };
		4A25529B28CC93EA00B30847 /* NamazHomeView.swift */ = {isa = PBXFileReference; lastKnownFileType = sourcecode.swift; path = NamazHomeView.swift; sourceTree = "<group>"; };
		4A2552BB28CF29B900B30847 /* namazWatch.app */ = {isa = PBXFileReference; explicitFileType = wrapper.application; includeInIndex = 0; path = namazWatch.app; sourceTree = BUILT_PRODUCTS_DIR; };
		4A2552C028CF29B900B30847 /* namazWatch Watch App.app */ = {isa = PBXFileReference; explicitFileType = wrapper.application; includeInIndex = 0; path = "namazWatch Watch App.app"; sourceTree = BUILT_PRODUCTS_DIR; };
		4A2552C528CF29B900B30847 /* namazWatchApp.swift */ = {isa = PBXFileReference; lastKnownFileType = sourcecode.swift; path = namazWatchApp.swift; sourceTree = "<group>"; };
		4A2552C728CF29B900B30847 /* ContentView.swift */ = {isa = PBXFileReference; lastKnownFileType = sourcecode.swift; path = ContentView.swift; sourceTree = "<group>"; };
		4A2552C928CF29BC00B30847 /* Assets.xcassets */ = {isa = PBXFileReference; lastKnownFileType = folder.assetcatalog; path = Assets.xcassets; sourceTree = "<group>"; };
		4A2552CC28CF29BC00B30847 /* Preview Assets.xcassets */ = {isa = PBXFileReference; lastKnownFileType = folder.assetcatalog; path = "Preview Assets.xcassets"; sourceTree = "<group>"; };
		4A4D64DA28F415DA0086BABA /* Helpers.swift */ = {isa = PBXFileReference; lastKnownFileType = sourcecode.swift; path = Helpers.swift; sourceTree = "<group>"; };
		4A4D64E028F432C50086BABA /* NamazTimingExtension.appex */ = {isa = PBXFileReference; explicitFileType = "wrapper.app-extension"; includeInIndex = 0; path = NamazTimingExtension.appex; sourceTree = BUILT_PRODUCTS_DIR; };
		4A4D64E228F432C50086BABA /* WidgetKit.framework */ = {isa = PBXFileReference; lastKnownFileType = wrapper.framework; name = WidgetKit.framework; path = System/Library/Frameworks/WidgetKit.framework; sourceTree = SDKROOT; };
		4A4D64E428F432C60086BABA /* SwiftUI.framework */ = {isa = PBXFileReference; lastKnownFileType = wrapper.framework; name = SwiftUI.framework; path = System/Library/Frameworks/SwiftUI.framework; sourceTree = SDKROOT; };
		4A4D64E728F432C60086BABA /* NamazTiming.swift */ = {isa = PBXFileReference; lastKnownFileType = sourcecode.swift; path = NamazTiming.swift; sourceTree = "<group>"; };
		4A4D64E928F432C60086BABA /* NamazTiming.intentdefinition */ = {isa = PBXFileReference; lastKnownFileType = file.intentdefinition; path = NamazTiming.intentdefinition; sourceTree = "<group>"; };
		4A4D64EA28F432C80086BABA /* Assets.xcassets */ = {isa = PBXFileReference; lastKnownFileType = folder.assetcatalog; path = Assets.xcassets; sourceTree = "<group>"; };
		4A4D64EC28F432C80086BABA /* Info.plist */ = {isa = PBXFileReference; lastKnownFileType = text.plist.xml; path = Info.plist; sourceTree = "<group>"; };
		4A56FEDC28C6096500F48E87 /* PermissionService.swift */ = {isa = PBXFileReference; lastKnownFileType = sourcecode.swift; path = PermissionService.swift; sourceTree = "<group>"; };
		4ABF873B28C61188009F454E /* Info.plist */ = {isa = PBXFileReference; lastKnownFileType = text.plist; path = Info.plist; sourceTree = "<group>"; };
/* End PBXFileReference section */

/* Begin PBXFrameworksBuildPhase section */
		4A1EA23328BC9BD9005B3195 /* Frameworks */ = {
			isa = PBXFrameworksBuildPhase;
			buildActionMask = 2147483647;
			files = (
			);
			runOnlyForDeploymentPostprocessing = 0;
		};
		4A2552BD28CF29B900B30847 /* Frameworks */ = {
			isa = PBXFrameworksBuildPhase;
			buildActionMask = 2147483647;
			files = (
			);
			runOnlyForDeploymentPostprocessing = 0;
		};
		4A4D64DD28F432C50086BABA /* Frameworks */ = {
			isa = PBXFrameworksBuildPhase;
			buildActionMask = 2147483647;
			files = (
				4A4D64E528F432C60086BABA /* SwiftUI.framework in Frameworks */,
				4A4D64E328F432C60086BABA /* WidgetKit.framework in Frameworks */,
			);
			runOnlyForDeploymentPostprocessing = 0;
		};
/* End PBXFrameworksBuildPhase section */

/* Begin PBXGroup section */
		4A1EA22D28BC9BD8005B3195 = {
			isa = PBXGroup;
			children = (
				4A1EA23828BC9BD9005B3195 /* Namaz */,
				4A2552C428CF29B900B30847 /* namazWatch Watch App */,
				4A4D64E628F432C60086BABA /* NamazTiming */,
				4A4D64E128F432C50086BABA /* Frameworks */,
				4A1EA23728BC9BD9005B3195 /* Products */,
			);
			sourceTree = "<group>";
		};
		4A1EA23728BC9BD9005B3195 /* Products */ = {
			isa = PBXGroup;
			children = (
				4A1EA23628BC9BD9005B3195 /* Namaz.app */,
				4A2552BB28CF29B900B30847 /* namazWatch.app */,
				4A2552C028CF29B900B30847 /* namazWatch Watch App.app */,
				4A4D64E028F432C50086BABA /* NamazTimingExtension.appex */,
			);
			name = Products;
			sourceTree = "<group>";
		};
		4A1EA23828BC9BD9005B3195 /* Namaz */ = {
			isa = PBXGroup;
			children = (
				4A25529828CC919900B30847 /* ViewModel */,
				4A25529328CC815A00B30847 /* Models */,
				4A25529028CC813200B30847 /* Protocols */,
				4A25528B28CC773D00B30847 /* Views */,
				4A56FEDB28C6095500F48E87 /* Services */,
				4ABF873B28C61188009F454E /* Info.plist */,
				4A1EA23D28BC9BDB005B3195 /* Assets.xcassets */,
				4A1EA23F28BC9BDB005B3195 /* Preview Content */,
				4A4D64DA28F415DA0086BABA /* Helpers.swift */,
			);
			path = Namaz;
			sourceTree = "<group>";
		};
		4A1EA23F28BC9BDB005B3195 /* Preview Content */ = {
			isa = PBXGroup;
			children = (
				4A1EA24028BC9BDB005B3195 /* Preview Assets.xcassets */,
			);
			path = "Preview Content";
			sourceTree = "<group>";
		};
		4A25528B28CC773D00B30847 /* Views */ = {
			isa = PBXGroup;
			children = (
				4A1EA23928BC9BD9005B3195 /* NamazApp.swift */,
				4A1EA23B28BC9BD9005B3195 /* ContentView.swift */,
				4A25528C28CC775700B30847 /* SplashScreen.swift */,
				4A25529B28CC93EA00B30847 /* NamazHomeView.swift */,
			);
			path = Views;
			sourceTree = "<group>";
		};
		4A25529028CC813200B30847 /* Protocols */ = {
			isa = PBXGroup;
			children = (
				4A25529128CC814500B30847 /* NamazProtocol.swift */,
			);
			path = Protocols;
			sourceTree = "<group>";
		};
		4A25529328CC815A00B30847 /* Models */ = {
			isa = PBXGroup;
			children = (
				4A25529428CC816600B30847 /* NamazModel.swift */,
			);
			path = Models;
			sourceTree = "<group>";
		};
		4A25529828CC919900B30847 /* ViewModel */ = {
			isa = PBXGroup;
			children = (
				4A25529928CC91A800B30847 /* NamazViewModel.swift */,
			);
			path = ViewModel;
			sourceTree = "<group>";
		};
		4A2552C428CF29B900B30847 /* namazWatch Watch App */ = {
			isa = PBXGroup;
			children = (
				4A2552C528CF29B900B30847 /* namazWatchApp.swift */,
				4A2552C728CF29B900B30847 /* ContentView.swift */,
				4A2552C928CF29BC00B30847 /* Assets.xcassets */,
				4A2552CB28CF29BC00B30847 /* Preview Content */,
			);
			path = "namazWatch Watch App";
			sourceTree = "<group>";
		};
		4A2552CB28CF29BC00B30847 /* Preview Content */ = {
			isa = PBXGroup;
			children = (
				4A2552CC28CF29BC00B30847 /* Preview Assets.xcassets */,
			);
			path = "Preview Content";
			sourceTree = "<group>";
		};
		4A4D64E128F432C50086BABA /* Frameworks */ = {
			isa = PBXGroup;
			children = (
				4A4D64E228F432C50086BABA /* WidgetKit.framework */,
				4A4D64E428F432C60086BABA /* SwiftUI.framework */,
			);
			name = Frameworks;
			sourceTree = "<group>";
		};
		4A4D64E628F432C60086BABA /* NamazTiming */ = {
			isa = PBXGroup;
			children = (
				4A4D64E728F432C60086BABA /* NamazTiming.swift */,
				4A4D64E928F432C60086BABA /* NamazTiming.intentdefinition */,
				4A4D64EA28F432C80086BABA /* Assets.xcassets */,
				4A4D64EC28F432C80086BABA /* Info.plist */,
			);
			path = NamazTiming;
			sourceTree = "<group>";
		};
		4A56FEDB28C6095500F48E87 /* Services */ = {
			isa = PBXGroup;
			children = (
				4A56FEDC28C6096500F48E87 /* PermissionService.swift */,
				4A25528E28CC77D900B30847 /* LocationService.swift */,
				4A25529628CC868D00B30847 /* NamazService.swift */,
			);
			path = Services;
			sourceTree = "<group>";
		};
/* End PBXGroup section */

/* Begin PBXNativeTarget section */
		4A1EA23528BC9BD9005B3195 /* Namaz */ = {
			isa = PBXNativeTarget;
			buildConfigurationList = 4A1EA24428BC9BDB005B3195 /* Build configuration list for PBXNativeTarget "Namaz" */;
			buildPhases = (
				4A1EA23228BC9BD9005B3195 /* Sources */,
				4A1EA23328BC9BD9005B3195 /* Frameworks */,
				4A1EA23428BC9BD9005B3195 /* Resources */,
				4A4D64F528F432C90086BABA /* Embed Foundation Extensions */,
			);
			buildRules = (
			);
			dependencies = (
				4A4D64F028F432C80086BABA /* PBXTargetDependency */,
			);
			name = Namaz;
			productName = Namaz;
			productReference = 4A1EA23628BC9BD9005B3195 /* Namaz.app */;
			productType = "com.apple.product-type.application";
		};
		4A2552BA28CF29B900B30847 /* namazWatch */ = {
			isa = PBXNativeTarget;
			buildConfigurationList = 4A2552D228CF29BC00B30847 /* Build configuration list for PBXNativeTarget "namazWatch" */;
			buildPhases = (
				4A2552B928CF29B900B30847 /* Resources */,
				4A2552D128CF29BC00B30847 /* Embed Watch Content */,
			);
			buildRules = (
			);
			dependencies = (
				4A2552C328CF29B900B30847 /* PBXTargetDependency */,
			);
			name = namazWatch;
			productName = namazWatch;
			productReference = 4A2552BB28CF29B900B30847 /* namazWatch.app */;
			productType = "com.apple.product-type.application.watchapp2-container";
		};
		4A2552BF28CF29B900B30847 /* namazWatch Watch App */ = {
			isa = PBXNativeTarget;
			buildConfigurationList = 4A2552CE28CF29BC00B30847 /* Build configuration list for PBXNativeTarget "namazWatch Watch App" */;
			buildPhases = (
				4A2552BC28CF29B900B30847 /* Sources */,
				4A2552BD28CF29B900B30847 /* Frameworks */,
				4A2552BE28CF29B900B30847 /* Resources */,
			);
			buildRules = (
			);
			dependencies = (
			);
			name = "namazWatch Watch App";
			productName = "namazWatch Watch App";
			productReference = 4A2552C028CF29B900B30847 /* namazWatch Watch App.app */;
			productType = "com.apple.product-type.application";
		};
		4A4D64DF28F432C50086BABA /* NamazTimingExtension */ = {
			isa = PBXNativeTarget;
			buildConfigurationList = 4A4D64F228F432C90086BABA /* Build configuration list for PBXNativeTarget "NamazTimingExtension" */;
			buildPhases = (
				4A4D64DC28F432C50086BABA /* Sources */,
				4A4D64DD28F432C50086BABA /* Frameworks */,
				4A4D64DE28F432C50086BABA /* Resources */,
			);
			buildRules = (
			);
			dependencies = (
			);
			name = NamazTimingExtension;
			productName = NamazTimingExtension;
			productReference = 4A4D64E028F432C50086BABA /* NamazTimingExtension.appex */;
			productType = "com.apple.product-type.app-extension";
		};
/* End PBXNativeTarget section */

/* Begin PBXProject section */
		4A1EA22E28BC9BD8005B3195 /* Project object */ = {
			isa = PBXProject;
			attributes = {
				BuildIndependentTargetsInParallel = 1;
				LastSwiftUpdateCheck = 1400;
				LastUpgradeCheck = 1400;
				TargetAttributes = {
					4A1EA23528BC9BD9005B3195 = {
						CreatedOnToolsVersion = 14.0;
					};
					4A2552BA28CF29B900B30847 = {
						CreatedOnToolsVersion = 14.0;
					};
					4A2552BF28CF29B900B30847 = {
						CreatedOnToolsVersion = 14.0;
					};
					4A4D64DF28F432C50086BABA = {
						CreatedOnToolsVersion = 14.0;
					};
				};
			};
			buildConfigurationList = 4A1EA23128BC9BD8005B3195 /* Build configuration list for PBXProject "Namaz" */;
			compatibilityVersion = "Xcode 14.0";
			developmentRegion = en;
			hasScannedForEncodings = 0;
			knownRegions = (
				en,
				Base,
			);
			mainGroup = 4A1EA22D28BC9BD8005B3195;
			productRefGroup = 4A1EA23728BC9BD9005B3195 /* Products */;
			projectDirPath = "";
			projectRoot = "";
			targets = (
				4A1EA23528BC9BD9005B3195 /* Namaz */,
				4A2552BA28CF29B900B30847 /* namazWatch */,
				4A2552BF28CF29B900B30847 /* namazWatch Watch App */,
				4A4D64DF28F432C50086BABA /* NamazTimingExtension */,
			);
		};
/* End PBXProject section */

/* Begin PBXResourcesBuildPhase section */
		4A1EA23428BC9BD9005B3195 /* Resources */ = {
			isa = PBXResourcesBuildPhase;
			buildActionMask = 2147483647;
			files = (
				4A1EA24128BC9BDB005B3195 /* Preview Assets.xcassets in Resources */,
				4A1EA23E28BC9BDB005B3195 /* Assets.xcassets in Resources */,
			);
			runOnlyForDeploymentPostprocessing = 0;
		};
		4A2552B928CF29B900B30847 /* Resources */ = {
			isa = PBXResourcesBuildPhase;
			buildActionMask = 2147483647;
			files = (
			);
			runOnlyForDeploymentPostprocessing = 0;
		};
		4A2552BE28CF29B900B30847 /* Resources */ = {
			isa = PBXResourcesBuildPhase;
			buildActionMask = 2147483647;
			files = (
				4A2552CD28CF29BC00B30847 /* Preview Assets.xcassets in Resources */,
				4A2552CA28CF29BC00B30847 /* Assets.xcassets in Resources */,
			);
			runOnlyForDeploymentPostprocessing = 0;
		};
		4A4D64DE28F432C50086BABA /* Resources */ = {
			isa = PBXResourcesBuildPhase;
			buildActionMask = 2147483647;
			files = (
				4A4D64EB28F432C80086BABA /* Assets.xcassets in Resources */,
			);
			runOnlyForDeploymentPostprocessing = 0;
		};
/* End PBXResourcesBuildPhase section */

/* Begin PBXSourcesBuildPhase section */
		4A1EA23228BC9BD9005B3195 /* Sources */ = {
			isa = PBXSourcesBuildPhase;
			buildActionMask = 2147483647;
			files = (
				4A25528D28CC775700B30847 /* SplashScreen.swift in Sources */,
				4A25529228CC814500B30847 /* NamazProtocol.swift in Sources */,
				4A1EA23C28BC9BD9005B3195 /* ContentView.swift in Sources */,
				4A25528F28CC77D900B30847 /* LocationService.swift in Sources */,
				4A4D64EE28F432C80086BABA /* NamazTiming.intentdefinition in Sources */,
				4A4D64DB28F415DA0086BABA /* Helpers.swift in Sources */,
				4A25529528CC816600B30847 /* NamazModel.swift in Sources */,
				4A25529728CC868D00B30847 /* NamazService.swift in Sources */,
				4A25529A28CC91A900B30847 /* NamazViewModel.swift in Sources */,
				4A25529C28CC93EA00B30847 /* NamazHomeView.swift in Sources */,
				4A1EA23A28BC9BD9005B3195 /* NamazApp.swift in Sources */,
				4A56FEDD28C6096500F48E87 /* PermissionService.swift in Sources */,
			);
			runOnlyForDeploymentPostprocessing = 0;
		};
		4A2552BC28CF29B900B30847 /* Sources */ = {
			isa = PBXSourcesBuildPhase;
			buildActionMask = 2147483647;
			files = (
				4A2552C828CF29B900B30847 /* ContentView.swift in Sources */,
				4A2552C628CF29B900B30847 /* namazWatchApp.swift in Sources */,
			);
			runOnlyForDeploymentPostprocessing = 0;
		};
		4A4D64DC28F432C50086BABA /* Sources */ = {
			isa = PBXSourcesBuildPhase;
			buildActionMask = 2147483647;
			files = (
				4A4D64ED28F432C80086BABA /* NamazTiming.intentdefinition in Sources */,
				4A4D64E828F432C60086BABA /* NamazTiming.swift in Sources */,
			);
			runOnlyForDeploymentPostprocessing = 0;
		};
/* End PBXSourcesBuildPhase section */

/* Begin PBXTargetDependency section */
		4A2552C328CF29B900B30847 /* PBXTargetDependency */ = {
			isa = PBXTargetDependency;
			target = 4A2552BF28CF29B900B30847 /* namazWatch Watch App */;
			targetProxy = 4A2552C228CF29B900B30847 /* PBXContainerItemProxy */;
		};
		4A4D64F028F432C80086BABA /* PBXTargetDependency */ = {
			isa = PBXTargetDependency;
			target = 4A4D64DF28F432C50086BABA /* NamazTimingExtension */;
			targetProxy = 4A4D64EF28F432C80086BABA /* PBXContainerItemProxy */;
		};
/* End PBXTargetDependency section */

/* Begin XCBuildConfiguration section */
		4A1EA24228BC9BDB005B3195 /* Debug */ = {
			isa = XCBuildConfiguration;
			buildSettings = {
				ALWAYS_SEARCH_USER_PATHS = NO;
				CLANG_ANALYZER_NONNULL = YES;
				CLANG_ANALYZER_NUMBER_OBJECT_CONVERSION = YES_AGGRESSIVE;
				CLANG_CXX_LANGUAGE_STANDARD = "gnu++17";
				CLANG_ENABLE_MODULES = YES;
				CLANG_ENABLE_OBJC_ARC = YES;
				CLANG_ENABLE_OBJC_WEAK = YES;
				CLANG_WARN_BLOCK_CAPTURE_AUTORELEASING = YES;
				CLANG_WARN_BOOL_CONVERSION = YES;
				CLANG_WARN_COMMA = YES;
				CLANG_WARN_CONSTANT_CONVERSION = YES;
				CLANG_WARN_DEPRECATED_OBJC_IMPLEMENTATIONS = YES;
				CLANG_WARN_DIRECT_OBJC_ISA_USAGE = YES_ERROR;
				CLANG_WARN_DOCUMENTATION_COMMENTS = YES;
				CLANG_WARN_EMPTY_BODY = YES;
				CLANG_WARN_ENUM_CONVERSION = YES;
				CLANG_WARN_INFINITE_RECURSION = YES;
				CLANG_WARN_INT_CONVERSION = YES;
				CLANG_WARN_NON_LITERAL_NULL_CONVERSION = YES;
				CLANG_WARN_OBJC_IMPLICIT_RETAIN_SELF = YES;
				CLANG_WARN_OBJC_LITERAL_CONVERSION = YES;
				CLANG_WARN_OBJC_ROOT_CLASS = YES_ERROR;
				CLANG_WARN_QUOTED_INCLUDE_IN_FRAMEWORK_HEADER = YES;
				CLANG_WARN_RANGE_LOOP_ANALYSIS = YES;
				CLANG_WARN_STRICT_PROTOTYPES = YES;
				CLANG_WARN_SUSPICIOUS_MOVE = YES;
				CLANG_WARN_UNGUARDED_AVAILABILITY = YES_AGGRESSIVE;
				CLANG_WARN_UNREACHABLE_CODE = YES;
				CLANG_WARN__DUPLICATE_METHOD_MATCH = YES;
				COPY_PHASE_STRIP = NO;
				DEBUG_INFORMATION_FORMAT = dwarf;
				ENABLE_STRICT_OBJC_MSGSEND = YES;
				ENABLE_TESTABILITY = YES;
				GCC_C_LANGUAGE_STANDARD = gnu11;
				GCC_DYNAMIC_NO_PIC = NO;
				GCC_NO_COMMON_BLOCKS = YES;
				GCC_OPTIMIZATION_LEVEL = 0;
				GCC_PREPROCESSOR_DEFINITIONS = (
					"DEBUG=1",
					"$(inherited)",
				);
				GCC_WARN_64_TO_32_BIT_CONVERSION = YES;
				GCC_WARN_ABOUT_RETURN_TYPE = YES_ERROR;
				GCC_WARN_UNDECLARED_SELECTOR = YES;
				GCC_WARN_UNINITIALIZED_AUTOS = YES_AGGRESSIVE;
				GCC_WARN_UNUSED_FUNCTION = YES;
				GCC_WARN_UNUSED_VARIABLE = YES;
				IPHONEOS_DEPLOYMENT_TARGET = 15.0;
				MTL_ENABLE_DEBUG_INFO = INCLUDE_SOURCE;
				MTL_FAST_MATH = YES;
				ONLY_ACTIVE_ARCH = YES;
				SDKROOT = iphoneos;
				SWIFT_ACTIVE_COMPILATION_CONDITIONS = DEBUG;
				SWIFT_OPTIMIZATION_LEVEL = "-Onone";
			};
			name = Debug;
		};
		4A1EA24328BC9BDB005B3195 /* Release */ = {
			isa = XCBuildConfiguration;
			buildSettings = {
				ALWAYS_SEARCH_USER_PATHS = NO;
				CLANG_ANALYZER_NONNULL = YES;
				CLANG_ANALYZER_NUMBER_OBJECT_CONVERSION = YES_AGGRESSIVE;
				CLANG_CXX_LANGUAGE_STANDARD = "gnu++17";
				CLANG_ENABLE_MODULES = YES;
				CLANG_ENABLE_OBJC_ARC = YES;
				CLANG_ENABLE_OBJC_WEAK = YES;
				CLANG_WARN_BLOCK_CAPTURE_AUTORELEASING = YES;
				CLANG_WARN_BOOL_CONVERSION = YES;
				CLANG_WARN_COMMA = YES;
				CLANG_WARN_CONSTANT_CONVERSION = YES;
				CLANG_WARN_DEPRECATED_OBJC_IMPLEMENTATIONS = YES;
				CLANG_WARN_DIRECT_OBJC_ISA_USAGE = YES_ERROR;
				CLANG_WARN_DOCUMENTATION_COMMENTS = YES;
				CLANG_WARN_EMPTY_BODY = YES;
				CLANG_WARN_ENUM_CONVERSION = YES;
				CLANG_WARN_INFINITE_RECURSION = YES;
				CLANG_WARN_INT_CONVERSION = YES;
				CLANG_WARN_NON_LITERAL_NULL_CONVERSION = YES;
				CLANG_WARN_OBJC_IMPLICIT_RETAIN_SELF = YES;
				CLANG_WARN_OBJC_LITERAL_CONVERSION = YES;
				CLANG_WARN_OBJC_ROOT_CLASS = YES_ERROR;
				CLANG_WARN_QUOTED_INCLUDE_IN_FRAMEWORK_HEADER = YES;
				CLANG_WARN_RANGE_LOOP_ANALYSIS = YES;
				CLANG_WARN_STRICT_PROTOTYPES = YES;
				CLANG_WARN_SUSPICIOUS_MOVE = YES;
				CLANG_WARN_UNGUARDED_AVAILABILITY = YES_AGGRESSIVE;
				CLANG_WARN_UNREACHABLE_CODE = YES;
				CLANG_WARN__DUPLICATE_METHOD_MATCH = YES;
				COPY_PHASE_STRIP = NO;
				DEBUG_INFORMATION_FORMAT = "dwarf-with-dsym";
				ENABLE_NS_ASSERTIONS = NO;
				ENABLE_STRICT_OBJC_MSGSEND = YES;
				GCC_C_LANGUAGE_STANDARD = gnu11;
				GCC_NO_COMMON_BLOCKS = YES;
				GCC_WARN_64_TO_32_BIT_CONVERSION = YES;
				GCC_WARN_ABOUT_RETURN_TYPE = YES_ERROR;
				GCC_WARN_UNDECLARED_SELECTOR = YES;
				GCC_WARN_UNINITIALIZED_AUTOS = YES_AGGRESSIVE;
				GCC_WARN_UNUSED_FUNCTION = YES;
				GCC_WARN_UNUSED_VARIABLE = YES;
				IPHONEOS_DEPLOYMENT_TARGET = 15.0;
				MTL_ENABLE_DEBUG_INFO = NO;
				MTL_FAST_MATH = YES;
				SDKROOT = iphoneos;
				SWIFT_COMPILATION_MODE = wholemodule;
				SWIFT_OPTIMIZATION_LEVEL = "-O";
				VALIDATE_PRODUCT = YES;
			};
			name = Release;
		};
		4A1EA24528BC9BDB005B3195 /* Debug */ = {
			isa = XCBuildConfiguration;
			buildSettings = {
				ALWAYS_EMBED_SWIFT_STANDARD_LIBRARIES = YES;
				ASSETCATALOG_COMPILER_APPICON_NAME = AppIcon;
				ASSETCATALOG_COMPILER_GLOBAL_ACCENT_COLOR_NAME = AccentColor;
				CODE_SIGN_STYLE = Automatic;
				CURRENT_PROJECT_VERSION = 1;
				DEVELOPMENT_ASSET_PATHS = "\"Namaz/Preview Content\"";
				DEVELOPMENT_TEAM = N65MK7D7BV;
				ENABLE_PREVIEWS = YES;
				GENERATE_INFOPLIST_FILE = YES;
				INFOPLIST_FILE = Namaz/Info.plist;
				INFOPLIST_KEY_CFBundleDisplayName = "Namaz Time";
				INFOPLIST_KEY_LSApplicationCategoryType = "public.app-category.lifestyle";
				INFOPLIST_KEY_NSLocationWhenInUseUsageDescription = "Getting location to return correct namaz timing based on your current location";
				INFOPLIST_KEY_UIApplicationSceneManifest_Generation = YES;
				INFOPLIST_KEY_UIApplicationSupportsIndirectInputEvents = YES;
				INFOPLIST_KEY_UILaunchScreen_Generation = YES;
				INFOPLIST_KEY_UISupportedInterfaceOrientations_iPad = "UIInterfaceOrientationPortrait UIInterfaceOrientationPortraitUpsideDown UIInterfaceOrientationLandscapeLeft UIInterfaceOrientationLandscapeRight";
				INFOPLIST_KEY_UISupportedInterfaceOrientations_iPhone = "UIInterfaceOrientationPortrait UIInterfaceOrientationLandscapeLeft UIInterfaceOrientationLandscapeRight";
				IPHONEOS_DEPLOYMENT_TARGET = 15.0;
				LD_RUNPATH_SEARCH_PATHS = (
					"$(inherited)",
					"@executable_path/Frameworks",
				);
				MARKETING_VERSION = 1.0;
				PRODUCT_BUNDLE_IDENTIFIER = pizzeStudio.Namaz;
				PRODUCT_NAME = "$(TARGET_NAME)";
				SWIFT_EMIT_LOC_STRINGS = YES;
				SWIFT_VERSION = 5.0;
				TARGETED_DEVICE_FAMILY = "1,2";
			};
			name = Debug;
		};
		4A1EA24628BC9BDB005B3195 /* Release */ = {
			isa = XCBuildConfiguration;
			buildSettings = {
				ALWAYS_EMBED_SWIFT_STANDARD_LIBRARIES = YES;
				ASSETCATALOG_COMPILER_APPICON_NAME = AppIcon;
				ASSETCATALOG_COMPILER_GLOBAL_ACCENT_COLOR_NAME = AccentColor;
				CODE_SIGN_STYLE = Automatic;
				CURRENT_PROJECT_VERSION = 1;
				DEVELOPMENT_ASSET_PATHS = "\"Namaz/Preview Content\"";
				DEVELOPMENT_TEAM = N65MK7D7BV;
				ENABLE_PREVIEWS = YES;
				GENERATE_INFOPLIST_FILE = YES;
				INFOPLIST_FILE = Namaz/Info.plist;
				INFOPLIST_KEY_CFBundleDisplayName = "Namaz Time";
				INFOPLIST_KEY_LSApplicationCategoryType = "public.app-category.lifestyle";
				INFOPLIST_KEY_NSLocationWhenInUseUsageDescription = "Getting location to return correct namaz timing based on your current location";
				INFOPLIST_KEY_UIApplicationSceneManifest_Generation = YES;
				INFOPLIST_KEY_UIApplicationSupportsIndirectInputEvents = YES;
				INFOPLIST_KEY_UILaunchScreen_Generation = YES;
				INFOPLIST_KEY_UISupportedInterfaceOrientations_iPad = "UIInterfaceOrientationPortrait UIInterfaceOrientationPortraitUpsideDown UIInterfaceOrientationLandscapeLeft UIInterfaceOrientationLandscapeRight";
				INFOPLIST_KEY_UISupportedInterfaceOrientations_iPhone = "UIInterfaceOrientationPortrait UIInterfaceOrientationLandscapeLeft UIInterfaceOrientationLandscapeRight";
				IPHONEOS_DEPLOYMENT_TARGET = 15.0;
				LD_RUNPATH_SEARCH_PATHS = (
					"$(inherited)",
					"@executable_path/Frameworks",
				);
				MARKETING_VERSION = 1.0;
				PRODUCT_BUNDLE_IDENTIFIER = pizzeStudio.Namaz;
				PRODUCT_NAME = "$(TARGET_NAME)";
				SWIFT_EMIT_LOC_STRINGS = YES;
				SWIFT_VERSION = 5.0;
				TARGETED_DEVICE_FAMILY = "1,2";
			};
			name = Release;
		};
		4A2552CF28CF29BC00B30847 /* Debug */ = {
			isa = XCBuildConfiguration;
			buildSettings = {
				ASSETCATALOG_COMPILER_APPICON_NAME = AppIcon;
				ASSETCATALOG_COMPILER_GLOBAL_ACCENT_COLOR_NAME = AccentColor;
				CODE_SIGN_STYLE = Automatic;
				CURRENT_PROJECT_VERSION = 1;
				DEVELOPMENT_ASSET_PATHS = "\"namazWatch Watch App/Preview Content\"";
				DEVELOPMENT_TEAM = N65MK7D7BV;
				ENABLE_PREVIEWS = YES;
				GENERATE_INFOPLIST_FILE = YES;
				INFOPLIST_KEY_CFBundleDisplayName = namazWatch;
				INFOPLIST_KEY_UISupportedInterfaceOrientations = "UIInterfaceOrientationPortrait UIInterfaceOrientationPortraitUpsideDown";
				INFOPLIST_KEY_WKWatchOnly = YES;
				LD_RUNPATH_SEARCH_PATHS = (
					"$(inherited)",
					"@executable_path/Frameworks",
				);
				MARKETING_VERSION = 1.0;
				PRODUCT_BUNDLE_IDENTIFIER = pizzeStudio.namazWatch.watchkitapp;
				PRODUCT_NAME = "$(TARGET_NAME)";
				SDKROOT = watchos;
				SKIP_INSTALL = YES;
				SWIFT_EMIT_LOC_STRINGS = YES;
				SWIFT_VERSION = 5.0;
				TARGETED_DEVICE_FAMILY = 4;
				WATCHOS_DEPLOYMENT_TARGET = 9.0;
			};
			name = Debug;
		};
		4A2552D028CF29BC00B30847 /* Release */ = {
			isa = XCBuildConfiguration;
			buildSettings = {
				ASSETCATALOG_COMPILER_APPICON_NAME = AppIcon;
				ASSETCATALOG_COMPILER_GLOBAL_ACCENT_COLOR_NAME = AccentColor;
				CODE_SIGN_STYLE = Automatic;
				CURRENT_PROJECT_VERSION = 1;
				DEVELOPMENT_ASSET_PATHS = "\"namazWatch Watch App/Preview Content\"";
				DEVELOPMENT_TEAM = N65MK7D7BV;
				ENABLE_PREVIEWS = YES;
				GENERATE_INFOPLIST_FILE = YES;
				INFOPLIST_KEY_CFBundleDisplayName = namazWatch;
				INFOPLIST_KEY_UISupportedInterfaceOrientations = "UIInterfaceOrientationPortrait UIInterfaceOrientationPortraitUpsideDown";
				INFOPLIST_KEY_WKWatchOnly = YES;
				LD_RUNPATH_SEARCH_PATHS = (
					"$(inherited)",
					"@executable_path/Frameworks",
				);
				MARKETING_VERSION = 1.0;
				PRODUCT_BUNDLE_IDENTIFIER = pizzeStudio.namazWatch.watchkitapp;
				PRODUCT_NAME = "$(TARGET_NAME)";
				SDKROOT = watchos;
				SKIP_INSTALL = YES;
				SWIFT_EMIT_LOC_STRINGS = YES;
				SWIFT_VERSION = 5.0;
				TARGETED_DEVICE_FAMILY = 4;
				WATCHOS_DEPLOYMENT_TARGET = 9.0;
			};
			name = Release;
		};
		4A2552D328CF29BC00B30847 /* Debug */ = {
			isa = XCBuildConfiguration;
			buildSettings = {
				ALWAYS_EMBED_SWIFT_STANDARD_LIBRARIES = YES;
				CODE_SIGN_STYLE = Automatic;
				CURRENT_PROJECT_VERSION = 1;
				DEVELOPMENT_TEAM = N65MK7D7BV;
				INFOPLIST_KEY_CFBundleDisplayName = namazWatch;
				MARKETING_VERSION = 1.0;
				PRODUCT_BUNDLE_IDENTIFIER = pizzeStudio.namazWatch;
				PRODUCT_NAME = "$(TARGET_NAME)";
				SWIFT_VERSION = 5.0;
			};
			name = Debug;
		};
		4A2552D428CF29BC00B30847 /* Release */ = {
			isa = XCBuildConfiguration;
			buildSettings = {
				ALWAYS_EMBED_SWIFT_STANDARD_LIBRARIES = YES;
				CODE_SIGN_STYLE = Automatic;
				CURRENT_PROJECT_VERSION = 1;
				DEVELOPMENT_TEAM = N65MK7D7BV;
				INFOPLIST_KEY_CFBundleDisplayName = namazWatch;
				MARKETING_VERSION = 1.0;
				PRODUCT_BUNDLE_IDENTIFIER = pizzeStudio.namazWatch;
				PRODUCT_NAME = "$(TARGET_NAME)";
				SWIFT_VERSION = 5.0;
			};
			name = Release;
		};
		4A4D64F328F432C90086BABA /* Debug */ = {
			isa = XCBuildConfiguration;
			buildSettings = {
				ASSETCATALOG_COMPILER_GLOBAL_ACCENT_COLOR_NAME = AccentColor;
				ASSETCATALOG_COMPILER_WIDGET_BACKGROUND_COLOR_NAME = WidgetBackground;
				CODE_SIGN_STYLE = Automatic;
				CURRENT_PROJECT_VERSION = 1;
				DEVELOPMENT_TEAM = N65MK7D7BV;
				GENERATE_INFOPLIST_FILE = YES;
				INFOPLIST_FILE = NamazTiming/Info.plist;
				INFOPLIST_KEY_CFBundleDisplayName = NamazTiming;
				INFOPLIST_KEY_NSHumanReadableCopyright = "";
				IPHONEOS_DEPLOYMENT_TARGET = 16.0;
				LD_RUNPATH_SEARCH_PATHS = (
					"$(inherited)",
					"@executable_path/Frameworks",
					"@executable_path/../../Frameworks",
				);
				MARKETING_VERSION = 1.0;
				PRODUCT_BUNDLE_IDENTIFIER = pizzeStudio.Namaz.NamazTiming;
				PRODUCT_NAME = "$(TARGET_NAME)";
				SKIP_INSTALL = YES;
				SWIFT_EMIT_LOC_STRINGS = YES;
				SWIFT_VERSION = 5.0;
				TARGETED_DEVICE_FAMILY = "1,2";
			};
			name = Debug;
		};
		4A4D64F428F432C90086BABA /* Release */ = {
			isa = XCBuildConfiguration;
			buildSettings = {
				ASSETCATALOG_COMPILER_GLOBAL_ACCENT_COLOR_NAME = AccentColor;
				ASSETCATALOG_COMPILER_WIDGET_BACKGROUND_COLOR_NAME = WidgetBackground;
				CODE_SIGN_STYLE = Automatic;
				CURRENT_PROJECT_VERSION = 1;
				DEVELOPMENT_TEAM = N65MK7D7BV;
				GENERATE_INFOPLIST_FILE = YES;
				INFOPLIST_FILE = NamazTiming/Info.plist;
				INFOPLIST_KEY_CFBundleDisplayName = NamazTiming;
				INFOPLIST_KEY_NSHumanReadableCopyright = "";
				IPHONEOS_DEPLOYMENT_TARGET = 16.0;
				LD_RUNPATH_SEARCH_PATHS = (
					"$(inherited)",
					"@executable_path/Frameworks",
					"@executable_path/../../Frameworks",
				);
				MARKETING_VERSION = 1.0;
				PRODUCT_BUNDLE_IDENTIFIER = pizzeStudio.Namaz.NamazTiming;
				PRODUCT_NAME = "$(TARGET_NAME)";
				SKIP_INSTALL = YES;
				SWIFT_EMIT_LOC_STRINGS = YES;
				SWIFT_VERSION = 5.0;
				TARGETED_DEVICE_FAMILY = "1,2";
			};
			name = Release;
		};
/* End XCBuildConfiguration section */

/* Begin XCConfigurationList section */
		4A1EA23128BC9BD8005B3195 /* Build configuration list for PBXProject "Namaz" */ = {
			isa = XCConfigurationList;
			buildConfigurations = (
				4A1EA24228BC9BDB005B3195 /* Debug */,
				4A1EA24328BC9BDB005B3195 /* Release */,
			);
			defaultConfigurationIsVisible = 0;
			defaultConfigurationName = Release;
		};
		4A1EA24428BC9BDB005B3195 /* Build configuration list for PBXNativeTarget "Namaz" */ = {
			isa = XCConfigurationList;
			buildConfigurations = (
				4A1EA24528BC9BDB005B3195 /* Debug */,
				4A1EA24628BC9BDB005B3195 /* Release */,
			);
			defaultConfigurationIsVisible = 0;
			defaultConfigurationName = Release;
		};
		4A2552CE28CF29BC00B30847 /* Build configuration list for PBXNativeTarget "namazWatch Watch App" */ = {
			isa = XCConfigurationList;
			buildConfigurations = (
				4A2552CF28CF29BC00B30847 /* Debug */,
				4A2552D028CF29BC00B30847 /* Release */,
			);
			defaultConfigurationIsVisible = 0;
			defaultConfigurationName = Release;
		};
		4A2552D228CF29BC00B30847 /* Build configuration list for PBXNativeTarget "namazWatch" */ = {
			isa = XCConfigurationList;
			buildConfigurations = (
				4A2552D328CF29BC00B30847 /* Debug */,
				4A2552D428CF29BC00B30847 /* Release */,
			);
			defaultConfigurationIsVisible = 0;
			defaultConfigurationName = Release;
		};
		4A4D64F228F432C90086BABA /* Build configuration list for PBXNativeTarget "NamazTimingExtension" */ = {
			isa = XCConfigurationList;
			buildConfigurations = (
				4A4D64F328F432C90086BABA /* Debug */,
				4A4D64F428F432C90086BABA /* Release */,
			);
			defaultConfigurationIsVisible = 0;
			defaultConfigurationName = Release;
		};
/* End XCConfigurationList section */
	};
	rootObject = 4A1EA22E28BC9BD8005B3195 /* Project object */;
}
